
Microsoft Visual Studio Solution File, Format Version 12.00
# Visual Studio Version 16
VisualStudioVersion = 16.0.31729.503
MinimumVisualStudioVersion = 10.0.40219.1
Project("{FAE04EC0-301F-11D3-BF4B-00C04F79EFBC}") = "Project_DesignForm", "Project_DesignForm\Project_DesignForm.csproj", "{464159E0-F6E8-428E-9A60-8185801411DB}"
EndProject
Global
	GlobalSection(SolutionConfigurationPlatforms) = preSolution
		Debug|Any CPU = Debug|Any CPU
		Release|Any CPU = Release|Any CPU
	EndGlobalSection
	GlobalSection(ProjectConfigurationPlatforms) = postSolution
		{464159E0-F6E8-428E-9A60-8185801411DB}.Debug|Any CPU.ActiveCfg = Debug|Any CPU
		{464159E0-F6E8-428E-9A60-8185801411DB}.Debug|Any CPU.Build.0 = Debug|Any CPU
		{464159E0-F6E8-428E-9A60-8185801411DB}.Release|Any CPU.ActiveCfg = Release|Any CPU
		{464159E0-F6E8-428E-9A60-8185801411DB}.Release|Any CPU.Build.0 = Release|Any CPU
	EndGlobalSection
	GlobalSection(SolutionProperties) = preSolution
		HideSolutionNode = FALSE
	EndGlobalSection
	GlobalSection(ExtensibilityGlobals) = postSolution
		SolutionGuid = {147403DF-271A-43A3-8816-DFF53E2C6C16}
	EndGlobalSection
EndGlobal
